
Microsoft Visual Studio Solution File, Format Version 12.00
# Visual Studio Version 17
VisualStudioVersion = 17.5.2.0
MinimumVisualStudioVersion = 10.0.40219.1
Project("{FAE04EC0-301F-11D3-BF4B-00C04F79EFBC}") = "BatchProcessing", "src\BatchProcessing\BatchProcessing.csproj", "{DF05F572-3DBD-6FD8-753E-93B902E2B365}"
EndProject
Project("{FAE04EC0-301F-11D3-BF4B-00C04F79EFBC}") = "BatchProcessing.Tests", "tests\BatchProcessing.Tests\BatchProcessing.Tests.csproj", "{A8BA6020-43A6-D31A-207C-23907E0B1C93}"
EndProject
Project("{2150E333-8FDC-42A3-9474-1A3956D46DE8}") = "src", "src", "{827E0CD3-B72D-47B6-A68D-7590B98EB39B}"
EndProject
Project("{FAE04EC0-301F-11D3-BF4B-00C04F79EFBC}") = "BatchProcessing.OrdersApi", "src\BatchProcessing.OrdersApi\BatchProcessing.OrdersApi.csproj", "{B1C50778-2470-4C70-804C-87910EE795FC}"
EndProject
Global
	GlobalSection(SolutionConfigurationPlatforms) = preSolution
		Debug|Any CPU = Debug|Any CPU
		Debug|x64 = Debug|x64
		Debug|x86 = Debug|x86
		Release|Any CPU = Release|Any CPU
		Release|x64 = Release|x64
		Release|x86 = Release|x86
	EndGlobalSection
	GlobalSection(ProjectConfigurationPlatforms) = postSolution
		{DF05F572-3DBD-6FD8-753E-93B902E2B365}.Debug|Any CPU.ActiveCfg = Debug|Any CPU
		{DF05F572-3DBD-6FD8-753E-93B902E2B365}.Debug|Any CPU.Build.0 = Debug|Any CPU
		{DF05F572-3DBD-6FD8-753E-93B902E2B365}.Debug|x64.ActiveCfg = Debug|Any CPU
		{DF05F572-3DBD-6FD8-753E-93B902E2B365}.Debug|x64.Build.0 = Debug|Any CPU
		{DF05F572-3DBD-6FD8-753E-93B902E2B365}.Debug|x86.ActiveCfg = Debug|Any CPU
		{DF05F572-3DBD-6FD8-753E-93B902E2B365}.Debug|x86.Build.0 = Debug|Any CPU
		{DF05F572-3DBD-6FD8-753E-93B902E2B365}.Release|Any CPU.ActiveCfg = Release|Any CPU
		{DF05F572-3DBD-6FD8-753E-93B902E2B365}.Release|Any CPU.Build.0 = Release|Any CPU
		{DF05F572-3DBD-6FD8-753E-93B902E2B365}.Release|x64.ActiveCfg = Release|Any CPU
		{DF05F572-3DBD-6FD8-753E-93B902E2B365}.Release|x64.Build.0 = Release|Any CPU
		{DF05F572-3DBD-6FD8-753E-93B902E2B365}.Release|x86.ActiveCfg = Release|Any CPU
		{DF05F572-3DBD-6FD8-753E-93B902E2B365}.Release|x86.Build.0 = Release|Any CPU
		{A8BA6020-43A6-D31A-207C-23907E0B1C93}.Debug|Any CPU.ActiveCfg = Debug|Any CPU
		{A8BA6020-43A6-D31A-207C-23907E0B1C93}.Debug|Any CPU.Build.0 = Debug|Any CPU
		{A8BA6020-43A6-D31A-207C-23907E0B1C93}.Debug|x64.ActiveCfg = Debug|Any CPU
		{A8BA6020-43A6-D31A-207C-23907E0B1C93}.Debug|x64.Build.0 = Debug|Any CPU
		{A8BA6020-43A6-D31A-207C-23907E0B1C93}.Debug|x86.ActiveCfg = Debug|Any CPU
		{A8BA6020-43A6-D31A-207C-23907E0B1C93}.Debug|x86.Build.0 = Debug|Any CPU
		{A8BA6020-43A6-D31A-207C-23907E0B1C93}.Release|Any CPU.ActiveCfg = Release|Any CPU
		{A8BA6020-43A6-D31A-207C-23907E0B1C93}.Release|Any CPU.Build.0 = Release|Any CPU
		{A8BA6020-43A6-D31A-207C-23907E0B1C93}.Release|x64.ActiveCfg = Release|Any CPU
		{A8BA6020-43A6-D31A-207C-23907E0B1C93}.Release|x64.Build.0 = Release|Any CPU
		{A8BA6020-43A6-D31A-207C-23907E0B1C93}.Release|x86.ActiveCfg = Release|Any CPU
		{A8BA6020-43A6-D31A-207C-23907E0B1C93}.Release|x86.Build.0 = Release|Any CPU
		{B1C50778-2470-4C70-804C-87910EE795FC}.Debug|Any CPU.ActiveCfg = Debug|Any CPU
		{B1C50778-2470-4C70-804C-87910EE795FC}.Debug|Any CPU.Build.0 = Debug|Any CPU
		{B1C50778-2470-4C70-804C-87910EE795FC}.Debug|x64.ActiveCfg = Debug|Any CPU
		{B1C50778-2470-4C70-804C-87910EE795FC}.Debug|x64.Build.0 = Debug|Any CPU
		{B1C50778-2470-4C70-804C-87910EE795FC}.Debug|x86.ActiveCfg = Debug|Any CPU
		{B1C50778-2470-4C70-804C-87910EE795FC}.Debug|x86.Build.0 = Debug|Any CPU
		{B1C50778-2470-4C70-804C-87910EE795FC}.Release|Any CPU.ActiveCfg = Release|Any CPU
		{B1C50778-2470-4C70-804C-87910EE795FC}.Release|Any CPU.Build.0 = Release|Any CPU
		{B1C50778-2470-4C70-804C-87910EE795FC}.Release|x64.ActiveCfg = Release|Any CPU
		{B1C50778-2470-4C70-804C-87910EE795FC}.Release|x64.Build.0 = Release|Any CPU
		{B1C50778-2470-4C70-804C-87910EE795FC}.Release|x86.ActiveCfg = Release|Any CPU
		{B1C50778-2470-4C70-804C-87910EE795FC}.Release|x86.Build.0 = Release|Any CPU
	EndGlobalSection
	GlobalSection(SolutionProperties) = preSolution
		HideSolutionNode = FALSE
	EndGlobalSection
	GlobalSection(NestedProjects) = preSolution
		{B1C50778-2470-4C70-804C-87910EE795FC} = {827E0CD3-B72D-47B6-A68D-7590B98EB39B}
	EndGlobalSection
	GlobalSection(ExtensibilityGlobals) = postSolution
		SolutionGuid = {5EE8B7CE-E9B2-4B92-9E04-1C334CF41B72}
	EndGlobalSection
EndGlobal
